// !$*UTF8*$!
{
	archiveVersion = 1;
	classes = {
	};
	objectVersion = 77;
	objects = {

/* Begin PBXBuildFile section */
		7B5F739C301CEAF8001425BE /* Qwen3ASRKeyboard.appex in Embed App Extensions */ = {isa = PBXBuildFile; fileRef = 7B5F7391301CEAF8001425BE /* Qwen3ASRKeyboard.appex */; settings = {ATTRIBUTES = (RemoveHeadersOnCopy, ); }; };
		A1000015301D0000001425BE /* Qwen3ASR in Frameworks */ = {isa = PBXBuildFile; productRef = A1000012301D0000001425BE /* Qwen3ASR */; };
		A1000016301D0000001425BE /* AudioCommon in Frameworks */ = {isa = PBXBuildFile; productRef = A1000013301D0000001425BE /* AudioCommon */; };
		A1000017301D0000001425BE /* MLX in Frameworks */ = {isa = PBXBuildFile; productRef = A1000014301D0000001425BE /* MLX */; };
		A100001C301D0000001425BE /* Qwen3-ASR-1.7B-MLX-5bit in Resources */ = {isa = PBXBuildFile; fileRef = A100001A301D0000001425BE /* Qwen3-ASR-1.7B-MLX-5bit */; };
		B2000001301D0000001425BE /* Qwen3ASR in Frameworks */ = {isa = PBXBuildFile; productRef = B2000008301D0000001425BE /* Qwen3ASR */; };
		B2000002301D0000001425BE /* AudioCommon in Frameworks */ = {isa = PBXBuildFile; productRef = B2000009301D0000001425BE /* AudioCommon */; };
		B2000003301D0000001425BE /* MLX in Frameworks */ = {isa = PBXBuildFile; productRef = B200000A301D0000001425BE /* MLX */; };
		B2000005301D0000001425BE /* Qwen3-ASR-1.7B-MLX-5bit in Resources */ = {isa = PBXBuildFile; fileRef = A100001A301D0000001425BE /* Qwen3-ASR-1.7B-MLX-5bit */; };
		B2000006301D0000001425BE /* qwen3asr/HybridQwen3ASREngine.swift in Sources */ = {isa = PBXBuildFile; fileRef = B2000007301D0000001425BE /* qwen3asr/HybridQwen3ASREngine.swift */; };
		D4000001301D0000001425BE /* Qwen3ASRKeyboard/KeyboardView.swift in Sources */ = {isa = PBXBuildFile; fileRef = D4000003301D0000001425BE /* Qwen3ASRKeyboard/KeyboardView.swift */; };
		D4000002301D0000001425BE /* Qwen3ASRKeyboard/KeyboardViewController.swift in Sources */ = {isa = PBXBuildFile; fileRef = D4000004301D0000001425BE /* Qwen3ASRKeyboard/KeyboardViewController.swift */; };
		D4000005301D0000001425BE /* Qwen3ASRKeyboard/NineKeyLexicon.swift in Sources */ = {isa = PBXBuildFile; fileRef = D4000007301D0000001425BE /* Qwen3ASRKeyboard/NineKeyLexicon.swift */; };
		D4000006301D0000001425BE /* Qwen3ASRKeyboard/NineKeyInputModel.swift in Sources */ = {isa = PBXBuildFile; fileRef = D4000008301D0000001425BE /* Qwen3ASRKeyboard/NineKeyInputModel.swift */; };
/* End PBXBuildFile section */

/* Begin PBXContainerItemProxy section */
		7B5F7372301CEAF8001425BE /* PBXContainerItemProxy */ = {
			isa = PBXContainerItemProxy;
			containerPortal = 7B5F735C301CEAF7001425BE /* Project object */;
			proxyType = 1;
			remoteGlobalIDString = 7B5F7363301CEAF7001425BE;
			remoteInfo = qwen3asr;
		};
		7B5F737C301CEAF8001425BE /* PBXContainerItemProxy */ = {
			isa = PBXContainerItemProxy;
			containerPortal = 7B5F735C301CEAF7001425BE /* Project object */;
			proxyType = 1;
			remoteGlobalIDString = 7B5F7363301CEAF7001425BE;
			remoteInfo = qwen3asr;
		};
		7B5F7399301CEAF8001425BE /* PBXContainerItemProxy */ = {
			isa = PBXContainerItemProxy;
			containerPortal = 7B5F735C301CEAF7001425BE /* Project object */;
			proxyType = 1;
			remoteGlobalIDString = 7B5F7392301CEAF8001425BE;
			remoteInfo = Qwen3ASRKeyboard;
		};
/* End PBXContainerItemProxy section */

/* Begin PBXCopyFilesBuildPhase section */
		7B5F739B301CEAF8001425BE /* Embed App Extensions */ = {
			isa = PBXCopyFilesBuildPhase;
			buildActionMask = 2147483647;
			dstPath = "";
			dstSubfolderSpec = 13;
			files = (
				7B5F739C301CEAF8001425BE /* Qwen3ASRKeyboard.appex in Embed App Extensions */,
			);
			name = "Embed App Extensions";
			runOnlyForDeploymentPostprocessing = 0;
		};
/* End PBXCopyFilesBuildPhase section */

/* Begin PBXFileReference section */
		7B5F7364301CEAF7001425BE /* qwen3asr.app */ = {isa = PBXFileReference; explicitFileType = wrapper.application; includeInIndex = 0; path = qwen3asr.app; sourceTree = BUILT_PRODUCTS_DIR; };
		7B5F7371301CEAF8001425BE /* qwen3asrTests.xctest */ = {isa = PBXFileReference; explicitFileType = wrapper.cfbundle; includeInIndex = 0; path = qwen3asrTests.xctest; sourceTree = BUILT_PRODUCTS_DIR; };
		7B5F737B301CEAF8001425BE /* qwen3asrUITests.xctest */ = {isa = PBXFileReference; explicitFileType = wrapper.cfbundle; includeInIndex = 0; path = qwen3asrUITests.xctest; sourceTree = BUILT_PRODUCTS_DIR; };
		7B5F7391301CEAF8001425BE /* Qwen3ASRKeyboard.appex */ = {isa = PBXFileReference; explicitFileType = "wrapper.app-extension"; includeInIndex = 0; path = Qwen3ASRKeyboard.appex; sourceTree = BUILT_PRODUCTS_DIR; };
		A1000001301D0000001425BE /* Qwen3ASRLab.app */ = {isa = PBXFileReference; explicitFileType = wrapper.application; includeInIndex = 0; path = Qwen3ASRLab.app; sourceTree = BUILT_PRODUCTS_DIR; };
		A100001A301D0000001425BE /* Qwen3-ASR-1.7B-MLX-5bit */ = {isa = PBXFileReference; lastKnownFileType = folder; path = "Qwen3-ASR-1.7B-MLX-5bit"; sourceTree = "<group>"; };
		B2000007301D0000001425BE /* qwen3asr/HybridQwen3ASREngine.swift */ = {isa = PBXFileReference; lastKnownFileType = sourcecode.swift; path = qwen3asr/HybridQwen3ASREngine.swift; sourceTree = "<group>"; };
		D4000003301D0000001425BE /* Qwen3ASRKeyboard/KeyboardView.swift */ = {isa = PBXFileReference; lastKnownFileType = sourcecode.swift; path = Qwen3ASRKeyboard/KeyboardView.swift; sourceTree = "<group>"; };
		D4000004301D0000001425BE /* Qwen3ASRKeyboard/KeyboardViewController.swift */ = {isa = PBXFileReference; lastKnownFileType = sourcecode.swift; path = Qwen3ASRKeyboard/KeyboardViewController.swift; sourceTree = "<group>"; };
		D4000007301D0000001425BE /* Qwen3ASRKeyboard/NineKeyLexicon.swift */ = {isa = PBXFileReference; lastKnownFileType = sourcecode.swift; path = Qwen3ASRKeyboard/NineKeyLexicon.swift; sourceTree = "<group>"; };
		D4000008301D0000001425BE /* Qwen3ASRKeyboard/NineKeyInputModel.swift */ = {isa = PBXFileReference; lastKnownFileType = sourcecode.swift; path = Qwen3ASRKeyboard/NineKeyInputModel.swift; sourceTree = "<group>"; };
/* End PBXFileReference section */

/* Begin PBXFileSystemSynchronizedRootGroup section */
		7B5F7366301CEAF7001425BE /* qwen3asr */ = {
			isa = PBXFileSystemSynchronizedRootGroup;
			path = qwen3asr;
			sourceTree = "<group>";
		};
		7B5F7374301CEAF8001425BE /* qwen3asrTests */ = {
			isa = PBXFileSystemSynchronizedRootGroup;
			path = qwen3asrTests;
			sourceTree = "<group>";
		};
		7B5F737E301CEAF8001425BE /* qwen3asrUITests */ = {
			isa = PBXFileSystemSynchronizedRootGroup;
			path = qwen3asrUITests;
			sourceTree = "<group>";
		};
		7B5F7390301CEAF8001425BE /* Qwen3ASRKeyboard */ = {
			isa = PBXFileSystemSynchronizedRootGroup;
			path = Qwen3ASRKeyboard;
			sourceTree = "<group>";
		};
		7B5F739D301CEAF8001425BE /* Shared */ = {
			isa = PBXFileSystemSynchronizedRootGroup;
			path = Shared;
			sourceTree = "<group>";
		};
		A1000002301D0000001425BE /* Qwen3ASRLab */ = {
			isa = PBXFileSystemSynchronizedRootGroup;
			path = Qwen3ASRLab;
			sourceTree = "<group>";
		};
/* End PBXFileSystemSynchronizedRootGroup section */

/* Begin PBXFrameworksBuildPhase section */
		7B5F7361301CEAF7001425BE /* Frameworks */ = {
			isa = PBXFrameworksBuildPhase;
			buildActionMask = 2147483647;
			files = (
				B2000001301D0000001425BE /* Qwen3ASR in Frameworks */,
				B2000002301D0000001425BE /* AudioCommon in Frameworks */,
				B2000003301D0000001425BE /* MLX in Frameworks */,
			);
			runOnlyForDeploymentPostprocessing = 0;
		};
		7B5F736E301CEAF8001425BE /* Frameworks */ = {
			isa = PBXFrameworksBuildPhase;
			buildActionMask = 2147483647;
			files = (
			);
			runOnlyForDeploymentPostprocessing = 0;
		};
		7B5F7378301CEAF8001425BE /* Frameworks */ = {
			isa = PBXFrameworksBuildPhase;
			buildActionMask = 2147483647;
			files = (
			);
			runOnlyForDeploymentPostprocessing = 0;
		};
		7B5F7394301CEAF8001425BE /* Frameworks */ = {
			isa = PBXFrameworksBuildPhase;
			buildActionMask = 2147483647;
			files = (
			);
			runOnlyForDeploymentPostprocessing = 0;
		};
		A1000005301D0000001425BE /* Frameworks */ = {
			isa = PBXFrameworksBuildPhase;
			buildActionMask = 2147483647;
			files = (
				A1000015301D0000001425BE /* Qwen3ASR in Frameworks */,
				A1000016301D0000001425BE /* AudioCommon in Frameworks */,
				A1000017301D0000001425BE /* MLX in Frameworks */,
			);
			runOnlyForDeploymentPostprocessing = 0;
		};
/* End PBXFrameworksBuildPhase section */

/* Begin PBXGroup section */
		7B5F735B301CEAF7001425BE = {
			isa = PBXGroup;
			children = (
				7B5F7366301CEAF7001425BE /* qwen3asr */,
				A1000002301D0000001425BE /* Qwen3ASRLab */,
				7B5F7390301CEAF8001425BE /* Qwen3ASRKeyboard */,
				7B5F739D301CEAF8001425BE /* Shared */,
				A1000018301D0000001425BE /* ModelAssets */,
				B2000007301D0000001425BE /* qwen3asr/HybridQwen3ASREngine.swift */,
				7B5F7374301CEAF8001425BE /* qwen3asrTests */,
				7B5F737E301CEAF8001425BE /* qwen3asrUITests */,
				7B5F7365301CEAF8001425BE /* Products */,
				7B85E01730231C5B00CEA7B9 /* Recovered References */,
			);
			sourceTree = "<group>";
		};
		7B5F7365301CEAF8001425BE /* Products */ = {
			isa = PBXGroup;
			children = (
				7B5F7364301CEAF7001425BE /* qwen3asr.app */,
				A1000001301D0000001425BE /* Qwen3ASRLab.app */,
				7B5F7391301CEAF8001425BE /* Qwen3ASRKeyboard.appex */,
				7B5F7371301CEAF8001425BE /* qwen3asrTests.xctest */,
				7B5F737B301CEAF8001425BE /* qwen3asrUITests.xctest */,
			);
			name = Products;
			sourceTree = "<group>";
		};
		7B85E01730231C5B00CEA7B9 /* Recovered References */ = {
			isa = PBXGroup;
			children = (
				D4000003301D0000001425BE /* Qwen3ASRKeyboard/KeyboardView.swift */,
				D4000004301D0000001425BE /* Qwen3ASRKeyboard/KeyboardViewController.swift */,
				D4000007301D0000001425BE /* Qwen3ASRKeyboard/NineKeyLexicon.swift */,
				D4000008301D0000001425BE /* Qwen3ASRKeyboard/NineKeyInputModel.swift */,
			);
			name = "Recovered References";
			sourceTree = "<group>";
		};
		A1000018301D0000001425BE /* ModelAssets */ = {
			isa = PBXGroup;
			children = (
				A100001A301D0000001425BE /* Qwen3-ASR-1.7B-MLX-5bit */,
			);
			path = ModelAssets;
			sourceTree = "<group>";
		};
/* End PBXGroup section */

/* Begin PBXNativeTarget section */
		7B5F7363301CEAF7001425BE /* qwen3asr */ = {
			isa = PBXNativeTarget;
			buildConfigurationList = 7B5F7385301CEAF8001425BE /* Build configuration list for PBXNativeTarget "qwen3asr" */;
			buildPhases = (
				7B5F7360301CEAF7001425BE /* Sources */,
				7B5F7361301CEAF7001425BE /* Frameworks */,
				7B5F7362301CEAF7001425BE /* Resources */,
				C3000001301D0000001425BE /* Prepare Platform Model Resource */,
				7B5F739B301CEAF8001425BE /* Embed App Extensions */,
			);
			buildRules = (
			);
			dependencies = (
				7B5F739A301CEAF8001425BE /* PBXTargetDependency */,
			);
			fileSystemSynchronizedGroups = (
				7B5F7366301CEAF7001425BE /* qwen3asr */,
				7B5F739D301CEAF8001425BE /* Shared */,
			);
			name = qwen3asr;
			packageProductDependencies = (
				B2000008301D0000001425BE /* Qwen3ASR */,
				B2000009301D0000001425BE /* AudioCommon */,
				B200000A301D0000001425BE /* MLX */,
			);
			productName = qwen3asr;
			productReference = 7B5F7364301CEAF7001425BE /* qwen3asr.app */;
			productType = "com.apple.product-type.application";
		};
		7B5F7370301CEAF8001425BE /* qwen3asrTests */ = {
			isa = PBXNativeTarget;
			buildConfigurationList = 7B5F7388301CEAF8001425BE /* Build configuration list for PBXNativeTarget "qwen3asrTests" */;
			buildPhases = (
				7B5F736D301CEAF8001425BE /* Sources */,
				7B5F736E301CEAF8001425BE /* Frameworks */,
				7B5F736F301CEAF8001425BE /* Resources */,
			);
			buildRules = (
			);
			dependencies = (
				7B5F7373301CEAF8001425BE /* PBXTargetDependency */,
			);
			fileSystemSynchronizedGroups = (
				7B5F7374301CEAF8001425BE /* qwen3asrTests */,
			);
			name = qwen3asrTests;
			packageProductDependencies = (
			);
			productName = qwen3asrTests;
			productReference = 7B5F7371301CEAF8001425BE /* qwen3asrTests.xctest */;
			productType = "com.apple.product-type.bundle.unit-test";
		};
		7B5F737A301CEAF8001425BE /* qwen3asrUITests */ = {
			isa = PBXNativeTarget;
			buildConfigurationList = 7B5F738B301CEAF8001425BE /* Build configuration list for PBXNativeTarget "qwen3asrUITests" */;
			buildPhases = (
				7B5F7377301CEAF8001425BE /* Sources */,
				7B5F7378301CEAF8001425BE /* Frameworks */,
				7B5F7379301CEAF8001425BE /* Resources */,
			);
			buildRules = (
			);
			dependencies = (
				7B5F737D301CEAF8001425BE /* PBXTargetDependency */,
			);
			fileSystemSynchronizedGroups = (
				7B5F737E301CEAF8001425BE /* qwen3asrUITests */,
			);
			name = qwen3asrUITests;
			packageProductDependencies = (
			);
			productName = qwen3asrUITests;
			productReference = 7B5F737B301CEAF8001425BE /* qwen3asrUITests.xctest */;
			productType = "com.apple.product-type.bundle.ui-testing";
		};
		7B5F7392301CEAF8001425BE /* Qwen3ASRKeyboard */ = {
			isa = PBXNativeTarget;
			buildConfigurationList = 7B5F7396301CEAF8001425BE /* Build configuration list for PBXNativeTarget "Qwen3ASRKeyboard" */;
			buildPhases = (
				7B5F7393301CEAF8001425BE /* Sources */,
				7B5F7394301CEAF8001425BE /* Frameworks */,
				7B5F7395301CEAF8001425BE /* Resources */,
			);
			buildRules = (
			);
			dependencies = (
			);
			fileSystemSynchronizedGroups = (
				7B5F7390301CEAF8001425BE /* Qwen3ASRKeyboard */,
				7B5F739D301CEAF8001425BE /* Shared */,
			);
			name = Qwen3ASRKeyboard;
			packageProductDependencies = (
			);
			productName = Qwen3ASRKeyboard;
			productReference = 7B5F7391301CEAF8001425BE /* Qwen3ASRKeyboard.appex */;
			productType = "com.apple.product-type.app-extension";
		};
		A1000003301D0000001425BE /* Qwen3ASRLab */ = {
			isa = PBXNativeTarget;
			buildConfigurationList = A1000009301D0000001425BE /* Build configuration list for PBXNativeTarget "Qwen3ASRLab" */;
			buildPhases = (
				A1000004301D0000001425BE /* Sources */,
				A1000005301D0000001425BE /* Frameworks */,
				A1000006301D0000001425BE /* Resources */,
				C3000002301D0000001425BE /* Prepare Platform Model Resource */,
			);
			buildRules = (
			);
			dependencies = (
			);
			fileSystemSynchronizedGroups = (
				A1000002301D0000001425BE /* Qwen3ASRLab */,
			);
			name = Qwen3ASRLab;
			packageProductDependencies = (
				A1000012301D0000001425BE /* Qwen3ASR */,
				A1000013301D0000001425BE /* AudioCommon */,
				A1000014301D0000001425BE /* MLX */,
			);
			productName = Qwen3ASRLab;
			productReference = A1000001301D0000001425BE /* Qwen3ASRLab.app */;
			productType = "com.apple.product-type.application";
		};
/* End PBXNativeTarget section */

/* Begin PBXProject section */
		7B5F735C301CEAF7001425BE /* Project object */ = {
			isa = PBXProject;
			attributes = {
				BuildIndependentTargetsInParallel = 1;
				LastSwiftUpdateCheck = 2660;
				LastUpgradeCheck = 2660;
				TargetAttributes = {
					7B5F7363301CEAF7001425BE = {
						CreatedOnToolsVersion = 26.6;
					};
					7B5F7370301CEAF8001425BE = {
						CreatedOnToolsVersion = 26.6;
						TestTargetID = 7B5F7363301CEAF7001425BE;
					};
					7B5F737A301CEAF8001425BE = {
						CreatedOnToolsVersion = 26.6;
						TestTargetID = 7B5F7363301CEAF7001425BE;
					};
					7B5F7392301CEAF8001425BE = {
						CreatedOnToolsVersion = 26.6;
					};
					A1000003301D0000001425BE = {
						CreatedOnToolsVersion = 26.6;
					};
				};
			};
			buildConfigurationList = 7B5F735F301CEAF7001425BE /* Build configuration list for PBXProject "qwen3asr" */;
			developmentRegion = en;
			hasScannedForEncodings = 0;
			knownRegions = (
				en,
				Base,
			);
			mainGroup = 7B5F735B301CEAF7001425BE;
			minimizedProjectReferenceProxies = 1;
			packageReferences = (
				A1000010301D0000001425BE /* XCRemoteSwiftPackageReference "speech-swift" */,
				A1000011301D0000001425BE /* XCRemoteSwiftPackageReference "mlx-swift" */,
			);
			preferredProjectObjectVersion = 77;
			projectDirPath = "";
			projectRoot = "";
			targets = (
				7B5F7363301CEAF7001425BE /* qwen3asr */,
				A1000003301D0000001425BE /* Qwen3ASRLab */,
				7B5F7392301CEAF8001425BE /* Qwen3ASRKeyboard */,
				7B5F7370301CEAF8001425BE /* qwen3asrTests */,
				7B5F737A301CEAF8001425BE /* qwen3asrUITests */,
			);
		};
/* End PBXProject section */

/* Begin PBXResourcesBuildPhase section */
		7B5F7362301CEAF7001425BE /* Resources */ = {
			isa = PBXResourcesBuildPhase;
			buildActionMask = 2147483647;
			files = (
				B2000005301D0000001425BE /* Qwen3-ASR-1.7B-MLX-5bit in Resources */,
			);
			runOnlyForDeploymentPostprocessing = 0;
		};
		7B5F736F301CEAF8001425BE /* Resources */ = {
			isa = PBXResourcesBuildPhase;
			buildActionMask = 2147483647;
			files = (
			);
			runOnlyForDeploymentPostprocessing = 0;
		};
		7B5F7379301CEAF8001425BE /* Resources */ = {
			isa = PBXResourcesBuildPhase;
			buildActionMask = 2147483647;
			files = (
			);
			runOnlyForDeploymentPostprocessing = 0;
		};
		7B5F7395301CEAF8001425BE /* Resources */ = {
			isa = PBXResourcesBuildPhase;
			buildActionMask = 2147483647;
			files = (
			);
			runOnlyForDeploymentPostprocessing = 0;
		};
		A1000006301D0000001425BE /* Resources */ = {
			isa = PBXResourcesBuildPhase;
			buildActionMask = 2147483647;
			files = (
				A100001C301D0000001425BE /* Qwen3-ASR-1.7B-MLX-5bit in Resources */,
			);
			runOnlyForDeploymentPostprocessing = 0;
		};
/* End PBXResourcesBuildPhase section */

/* Begin PBXShellScriptBuildPhase section */
		C3000001301D0000001425BE /* Prepare Platform Model Resource */ = {
			isa = PBXShellScriptBuildPhase;
			alwaysOutOfDate = 1;
			buildActionMask = 2147483647;
			files = (
			);
			inputFileListPaths = (
			);
			inputPaths = (
				"$(SRCROOT)/ModelAssets/Qwen3-ASR-1.7B-MLX-5bit/model.safetensors",
				"/Volumes/FENNY/XcodeBuilds/qwen3asr/ModelAssets/Qwen3-ASR-1.7B-MLX-5bit/model.safetensors",
			);
			name = "Prepare Platform Model Resource";
			outputFileListPaths = (
			);
			outputPaths = (
				"$(TARGET_BUILD_DIR)/$(UNLOCALIZED_RESOURCES_FOLDER_PATH)/Qwen3-ASR-1.7B-MLX-5bit/model.safetensors",
			);
			runOnlyForDeploymentPostprocessing = 0;
			shellPath = /bin/sh;
			shellScript = "source_model=\"${SRCROOT}/ModelAssets/Qwen3-ASR-1.7B-MLX-5bit/model.safetensors\"\nbundled_model=\"${TARGET_BUILD_DIR}/${UNLOCALIZED_RESOURCES_FOLDER_PATH}/Qwen3-ASR-1.7B-MLX-5bit/model.safetensors\"\nif [ \"${PLATFORM_NAME}\" = \"iphonesimulator\" ]; then\n    if [ -f \"${bundled_model}\" ] || [ -L \"${bundled_model}\" ]; then\n        /bin/unlink \"${bundled_model}\"\n    fi\nelif [ \"${PLATFORM_NAME}\" = \"iphoneos\" ] && { [ -L \"${bundled_model}\" ] || [ ! -f \"${bundled_model}\" ] || [ \"${source_model}\" -nt \"${bundled_model}\" ]; }; then\n    if [ -f \"${bundled_model}\" ] || [ -L \"${bundled_model}\" ]; then\n        /bin/unlink \"${bundled_model}\"\n    fi\n    /bin/cp -cL \"${source_model}\" \"${bundled_model}\"\nfi\n";
		};
		C3000002301D0000001425BE /* Prepare Platform Model Resource */ = {
			isa = PBXShellScriptBuildPhase;
			alwaysOutOfDate = 1;
			buildActionMask = 2147483647;
			files = (
			);
			inputFileListPaths = (
			);
			inputPaths = (
				"$(SRCROOT)/ModelAssets/Qwen3-ASR-1.7B-MLX-5bit/model.safetensors",
				"/Volumes/FENNY/XcodeBuilds/qwen3asr/ModelAssets/Qwen3-ASR-1.7B-MLX-5bit/model.safetensors",
			);
			name = "Prepare Platform Model Resource";
			outputFileListPaths = (
			);
			outputPaths = (
				"$(TARGET_BUILD_DIR)/$(UNLOCALIZED_RESOURCES_FOLDER_PATH)/Qwen3-ASR-1.7B-MLX-5bit/model.safetensors",
			);
			runOnlyForDeploymentPostprocessing = 0;
			shellPath = /bin/sh;
			shellScript = "source_model=\"${SRCROOT}/ModelAssets/Qwen3-ASR-1.7B-MLX-5bit/model.safetensors\"\nbundled_model=\"${TARGET_BUILD_DIR}/${UNLOCALIZED_RESOURCES_FOLDER_PATH}/Qwen3-ASR-1.7B-MLX-5bit/model.safetensors\"\nif [ \"${PLATFORM_NAME}\" = \"iphonesimulator\" ]; then\n    if [ -f \"${bundled_model}\" ] || [ -L \"${bundled_model}\" ]; then\n        /bin/unlink \"${bundled_model}\"\n    fi\nelif [ \"${PLATFORM_NAME}\" = \"iphoneos\" ] && { [ -L \"${bundled_model}\" ] || [ ! -f \"${bundled_model}\" ] || [ \"${source_model}\" -nt \"${bundled_model}\" ]; }; then\n    if [ -f \"${bundled_model}\" ] || [ -L \"${bundled_model}\" ]; then\n        /bin/unlink \"${bundled_model}\"\n    fi\n    /bin/cp -cL \"${source_model}\" \"${bundled_model}\"\nfi\n";
		};
/* End PBXShellScriptBuildPhase section */

/* Begin PBXSourcesBuildPhase section */
		7B5F7360301CEAF7001425BE /* Sources */ = {
			isa = PBXSourcesBuildPhase;
			buildActionMask = 2147483647;
			files = (
				D4000001301D0000001425BE /* Qwen3ASRKeyboard/KeyboardView.swift in Sources */,
				D4000002301D0000001425BE /* Qwen3ASRKeyboard/KeyboardViewController.swift in Sources */,
				D4000005301D0000001425BE /* Qwen3ASRKeyboard/NineKeyLexicon.swift in Sources */,
				D4000006301D0000001425BE /* Qwen3ASRKeyboard/NineKeyInputModel.swift in Sources */,
			);
			runOnlyForDeploymentPostprocessing = 0;
		};
		7B5F736D301CEAF8001425BE /* Sources */ = {
			isa = PBXSourcesBuildPhase;
			buildActionMask = 2147483647;
			files = (
			);
			runOnlyForDeploymentPostprocessing = 0;
		};
		7B5F7377301CEAF8001425BE /* Sources */ = {
			isa = PBXSourcesBuildPhase;
			buildActionMask = 2147483647;
			files = (
			);
			runOnlyForDeploymentPostprocessing = 0;
		};
		7B5F7393301CEAF8001425BE /* Sources */ = {
			isa = PBXSourcesBuildPhase;
			buildActionMask = 2147483647;
			files = (
			);
			runOnlyForDeploymentPostprocessing = 0;
		};
		A1000004301D0000001425BE /* Sources */ = {
			isa = PBXSourcesBuildPhase;
			buildActionMask = 2147483647;
			files = (
				B2000006301D0000001425BE /* qwen3asr/HybridQwen3ASREngine.swift in Sources */,
			);
			runOnlyForDeploymentPostprocessing = 0;
		};
/* End PBXSourcesBuildPhase section */

/* Begin PBXTargetDependency section */
		7B5F7373301CEAF8001425BE /* PBXTargetDependency */ = {
			isa = PBXTargetDependency;
			target = 7B5F7363301CEAF7001425BE /* qwen3asr */;
			targetProxy = 7B5F7372301CEAF8001425BE /* PBXContainerItemProxy */;
		};
		7B5F737D301CEAF8001425BE /* PBXTargetDependency */ = {
			isa = PBXTargetDependency;
			target = 7B5F7363301CEAF7001425BE /* qwen3asr */;
			targetProxy = 7B5F737C301CEAF8001425BE /* PBXContainerItemProxy */;
		};
		7B5F739A301CEAF8001425BE /* PBXTargetDependency */ = {
			isa = PBXTargetDependency;
			target = 7B5F7392301CEAF8001425BE /* Qwen3ASRKeyboard */;
			targetProxy = 7B5F7399301CEAF8001425BE /* PBXContainerItemProxy */;
		};
/* End PBXTargetDependency section */

/* Begin XCBuildConfiguration section */
		7B5F7383301CEAF8001425BE /* Debug */ = {
			isa = XCBuildConfiguration;
			buildSettings = {
				ALWAYS_SEARCH_USER_PATHS = NO;
				ASSETCATALOG_COMPILER_GENERATE_SWIFT_ASSET_SYMBOL_EXTENSIONS = YES;
				CLANG_ANALYZER_NONNULL = YES;
				CLANG_ANALYZER_NUMBER_OBJECT_CONVERSION = YES_AGGRESSIVE;
				CLANG_CXX_LANGUAGE_STANDARD = "gnu++20";
				CLANG_ENABLE_MODULES = YES;
				CLANG_ENABLE_OBJC_ARC = YES;
				CLANG_ENABLE_OBJC_WEAK = YES;
				CLANG_WARN_BLOCK_CAPTURE_AUTORELEASING = YES;
				CLANG_WARN_BOOL_CONVERSION = YES;
				CLANG_WARN_COMMA = YES;
				CLANG_WARN_CONSTANT_CONVERSION = YES;
				CLANG_WARN_DEPRECATED_OBJC_IMPLEMENTATIONS = YES;
				CLANG_WARN_DIRECT_OBJC_ISA_USAGE = YES_ERROR;
				CLANG_WARN_DOCUMENTATION_COMMENTS = YES;
				CLANG_WARN_EMPTY_BODY = YES;
				CLANG_WARN_ENUM_CONVERSION = YES;
				CLANG_WARN_INFINITE_RECURSION = YES;
				CLANG_WARN_INT_CONVERSION = YES;
				CLANG_WARN_NON_LITERAL_NULL_CONVERSION = YES;
				CLANG_WARN_OBJC_IMPLICIT_RETAIN_SELF = YES;
				CLANG_WARN_OBJC_LITERAL_CONVERSION = YES;
				CLANG_WARN_OBJC_ROOT_CLASS = YES_ERROR;
				CLANG_WARN_QUOTED_INCLUDE_IN_FRAMEWORK_HEADER = YES;
				CLANG_WARN_RANGE_LOOP_ANALYSIS = YES;
				CLANG_WARN_STRICT_PROTOTYPES = YES;
				CLANG_WARN_SUSPICIOUS_MOVE = YES;
				CLANG_WARN_UNGUARDED_AVAILABILITY = YES_AGGRESSIVE;
				CLANG_WARN_UNREACHABLE_CODE = YES;
				CLANG_WARN__DUPLICATE_METHOD_MATCH = YES;
				COPY_PHASE_STRIP = NO;
				DEBUG_INFORMATION_FORMAT = dwarf;
				DEVELOPMENT_TEAM = ZT3X6444JT;
				ENABLE_STRICT_OBJC_MSGSEND = YES;
				ENABLE_TESTABILITY = YES;
				ENABLE_USER_SCRIPT_SANDBOXING = YES;
				"EXCLUDED_SOURCE_FILE_NAMES[sdk=iphonesimulator*]" = model.safetensors;
				GCC_C_LANGUAGE_STANDARD = gnu17;
				GCC_DYNAMIC_NO_PIC = NO;
				GCC_NO_COMMON_BLOCKS = YES;
				GCC_OPTIMIZATION_LEVEL = 0;
				GCC_PREPROCESSOR_DEFINITIONS = (
					"DEBUG=1",
					"$(inherited)",
				);
				GCC_WARN_64_TO_32_BIT_CONVERSION = YES;
				GCC_WARN_ABOUT_RETURN_TYPE = YES_ERROR;
				GCC_WARN_UNDECLARED_SELECTOR = YES;
				GCC_WARN_UNINITIALIZED_AUTOS = YES_AGGRESSIVE;
				GCC_WARN_UNUSED_FUNCTION = YES;
				GCC_WARN_UNUSED_VARIABLE = YES;
				IPHONEOS_DEPLOYMENT_TARGET = 16.0;
				LOCALIZATION_PREFERS_STRING_CATALOGS = YES;
				MTL_ENABLE_DEBUG_INFO = INCLUDE_SOURCE;
				MTL_FAST_MATH = YES;
				ONLY_ACTIVE_ARCH = YES;
				SDKROOT = iphoneos;
				SWIFT_ACTIVE_COMPILATION_CONDITIONS = "DEBUG $(inherited)";
				SWIFT_OPTIMIZATION_LEVEL = "-Onone";
			};
			name = Debug;
		};
		7B5F7384301CEAF8001425BE /* Release */ = {
			isa = XCBuildConfiguration;
			buildSettings = {
				ALWAYS_SEARCH_USER_PATHS = NO;
				ASSETCATALOG_COMPILER_GENERATE_SWIFT_ASSET_SYMBOL_EXTENSIONS = YES;
				CLANG_ANALYZER_NONNULL = YES;
				CLANG_ANALYZER_NUMBER_OBJECT_CONVERSION = YES_AGGRESSIVE;
				CLANG_CXX_LANGUAGE_STANDARD = "gnu++20";
				CLANG_ENABLE_MODULES = YES;
				CLANG_ENABLE_OBJC_ARC = YES;
				CLANG_ENABLE_OBJC_WEAK = YES;
				CLANG_WARN_BLOCK_CAPTURE_AUTORELEASING = YES;
				CLANG_WARN_BOOL_CONVERSION = YES;
				CLANG_WARN_COMMA = YES;
				CLANG_WARN_CONSTANT_CONVERSION = YES;
				CLANG_WARN_DEPRECATED_OBJC_IMPLEMENTATIONS = YES;
				CLANG_WARN_DIRECT_OBJC_ISA_USAGE = YES_ERROR;
				CLANG_WARN_DOCUMENTATION_COMMENTS = YES;
				CLANG_WARN_EMPTY_BODY = YES;
				CLANG_WARN_ENUM_CONVERSION = YES;
				CLANG_WARN_INFINITE_RECURSION = YES;
				CLANG_WARN_INT_CONVERSION = YES;
				CLANG_WARN_NON_LITERAL_NULL_CONVERSION = YES;
				CLANG_WARN_OBJC_IMPLICIT_RETAIN_SELF = YES;
				CLANG_WARN_OBJC_LITERAL_CONVERSION = YES;
				CLANG_WARN_OBJC_ROOT_CLASS = YES_ERROR;
				CLANG_WARN_QUOTED_INCLUDE_IN_FRAMEWORK_HEADER = YES;
				CLANG_WARN_RANGE_LOOP_ANALYSIS = YES;
				CLANG_WARN_STRICT_PROTOTYPES = YES;
				CLANG_WARN_SUSPICIOUS_MOVE = YES;
				CLANG_WARN_UNGUARDED_AVAILABILITY = YES_AGGRESSIVE;
				CLANG_WARN_UNREACHABLE_CODE = YES;
				CLANG_WARN__DUPLICATE_METHOD_MATCH = YES;
				COPY_PHASE_STRIP = NO;
				DEBUG_INFORMATION_FORMAT = "dwarf-with-dsym";
				DEVELOPMENT_TEAM = ZT3X6444JT;
				ENABLE_NS_ASSERTIONS = NO;
				ENABLE_STRICT_OBJC_MSGSEND = YES;
				ENABLE_USER_SCRIPT_SANDBOXING = YES;
				"EXCLUDED_SOURCE_FILE_NAMES[sdk=iphonesimulator*]" = model.safetensors;
				GCC_C_LANGUAGE_STANDARD = gnu17;
				GCC_NO_COMMON_BLOCKS = YES;
				GCC_WARN_64_TO_32_BIT_CONVERSION = YES;
				GCC_WARN_ABOUT_RETURN_TYPE = YES_ERROR;
				GCC_WARN_UNDECLARED_SELECTOR = YES;
				GCC_WARN_UNINITIALIZED_AUTOS = YES_AGGRESSIVE;
				GCC_WARN_UNUSED_FUNCTION = YES;
				GCC_WARN_UNUSED_VARIABLE = YES;
				IPHONEOS_DEPLOYMENT_TARGET = 16.0;
				LOCALIZATION_PREFERS_STRING_CATALOGS = YES;
				MTL_ENABLE_DEBUG_INFO = NO;
				MTL_FAST_MATH = YES;
				SDKROOT = iphoneos;
				SWIFT_COMPILATION_MODE = wholemodule;
				VALIDATE_PRODUCT = YES;
			};
			name = Release;
		};
		7B5F7386301CEAF8001425BE /* Debug */ = {
			isa = XCBuildConfiguration;
			buildSettings = {
				ASSETCATALOG_COMPILER_APPICON_NAME = AppIcon;
				ASSETCATALOG_COMPILER_GLOBAL_ACCENT_COLOR_NAME = AccentColor;
				CODE_SIGN_ENTITLEMENTS = qwen3asr.entitlements;
				CODE_SIGN_STYLE = Automatic;
				CURRENT_PROJECT_VERSION = 7;
				DEVELOPMENT_TEAM = ZT3X6444JT;
				ENABLE_PREVIEWS = YES;
				GENERATE_INFOPLIST_FILE = YES;
				INFOPLIST_FILE = "qwen3asr-Info.plist";
				INFOPLIST_KEY_NSMicrophoneUsageDescription = "需要保持麦克风输入，以便在 iPad 分屏中连续响应语音键盘；未点击语音按钮时不会保存音频。";
				INFOPLIST_KEY_UIApplicationSceneManifest_Generation = YES;
				INFOPLIST_KEY_UIApplicationSupportsIndirectInputEvents = YES;
				INFOPLIST_KEY_UILaunchScreen_Generation = YES;
				INFOPLIST_KEY_UISupportedInterfaceOrientations_iPad = "UIInterfaceOrientationPortrait UIInterfaceOrientationPortraitUpsideDown UIInterfaceOrientationLandscapeLeft UIInterfaceOrientationLandscapeRight";
				INFOPLIST_KEY_UISupportedInterfaceOrientations_iPhone = "UIInterfaceOrientationPortrait UIInterfaceOrientationLandscapeLeft UIInterfaceOrientationLandscapeRight";
				IPHONEOS_DEPLOYMENT_TARGET = 18.0;
				LD_RUNPATH_SEARCH_PATHS = (
					"$(inherited)",
					"@executable_path/Frameworks",
				);
				MARKETING_VERSION = 1.1;
				PRODUCT_BUNDLE_IDENTIFIER = project.qwen3asr;
				PRODUCT_MODULE_NAME = QwenKeyboardHost;
				PRODUCT_NAME = "$(TARGET_NAME)";
				STRING_CATALOG_GENERATE_SYMBOLS = YES;
				SWIFT_APPROACHABLE_CONCURRENCY = YES;
				SWIFT_DEFAULT_ACTOR_ISOLATION = MainActor;
				SWIFT_EMIT_LOC_STRINGS = YES;
				SWIFT_UPCOMING_FEATURE_MEMBER_IMPORT_VISIBILITY = YES;
				SWIFT_VERSION = 5.0;
				TARGETED_DEVICE_FAMILY = "1,2";
			};
			name = Debug;
		};
		7B5F7387301CEAF8001425BE /* Release */ = {
			isa = XCBuildConfiguration;
			buildSettings = {
				ASSETCATALOG_COMPILER_APPICON_NAME = AppIcon;
				ASSETCATALOG_COMPILER_GLOBAL_ACCENT_COLOR_NAME = AccentColor;
				CODE_SIGN_ENTITLEMENTS = qwen3asr.entitlements;
				CODE_SIGN_STYLE = Automatic;
				CURRENT_PROJECT_VERSION = 7;
				DEVELOPMENT_TEAM = ZT3X6444JT;
				ENABLE_PREVIEWS = YES;
				GENERATE_INFOPLIST_FILE = YES;
				INFOPLIST_FILE = "qwen3asr-Info.plist";
				INFOPLIST_KEY_NSMicrophoneUsageDescription = "需要保持麦克风输入，以便在 iPad 分屏中连续响应语音键盘；未点击语音按钮时不会保存音频。";
				INFOPLIST_KEY_UIApplicationSceneManifest_Generation = YES;
				INFOPLIST_KEY_UIApplicationSupportsIndirectInputEvents = YES;
				INFOPLIST_KEY_UILaunchScreen_Generation = YES;
				INFOPLIST_KEY_UISupportedInterfaceOrientations_iPad = "UIInterfaceOrientationPortrait UIInterfaceOrientationPortraitUpsideDown UIInterfaceOrientationLandscapeLeft UIInterfaceOrientationLandscapeRight";
				INFOPLIST_KEY_UISupportedInterfaceOrientations_iPhone = "UIInterfaceOrientationPortrait UIInterfaceOrientationLandscapeLeft UIInterfaceOrientationLandscapeRight";
				IPHONEOS_DEPLOYMENT_TARGET = 18.0;
				LD_RUNPATH_SEARCH_PATHS = (
					"$(inherited)",
					"@executable_path/Frameworks",
				);
				MARKETING_VERSION = 1.1;
				PRODUCT_BUNDLE_IDENTIFIER = project.qwen3asr;
				PRODUCT_MODULE_NAME = QwenKeyboardHost;
				PRODUCT_NAME = "$(TARGET_NAME)";
				STRING_CATALOG_GENERATE_SYMBOLS = YES;
				SWIFT_APPROACHABLE_CONCURRENCY = YES;
				SWIFT_DEFAULT_ACTOR_ISOLATION = MainActor;
				SWIFT_EMIT_LOC_STRINGS = YES;
				SWIFT_UPCOMING_FEATURE_MEMBER_IMPORT_VISIBILITY = YES;
				SWIFT_VERSION = 5.0;
				TARGETED_DEVICE_FAMILY = "1,2";
			};
			name = Release;
		};
		7B5F7389301CEAF8001425BE /* Debug */ = {
			isa = XCBuildConfiguration;
			buildSettings = {
				BUNDLE_LOADER = "$(TEST_HOST)";
				CODE_SIGN_STYLE = Automatic;
				CURRENT_PROJECT_VERSION = 1;
				DEVELOPMENT_TEAM = ZT3X6444JT;
				GENERATE_INFOPLIST_FILE = YES;
				IPHONEOS_DEPLOYMENT_TARGET = 18.0;
				MARKETING_VERSION = 1.0;
				PRODUCT_BUNDLE_IDENTIFIER = project.qwen3asrTests;
				PRODUCT_NAME = "$(TARGET_NAME)";
				STRING_CATALOG_GENERATE_SYMBOLS = NO;
				SWIFT_APPROACHABLE_CONCURRENCY = YES;
				SWIFT_EMIT_LOC_STRINGS = NO;
				SWIFT_UPCOMING_FEATURE_MEMBER_IMPORT_VISIBILITY = YES;
				SWIFT_VERSION = 5.0;
				TARGETED_DEVICE_FAMILY = "1,2";
				TEST_HOST = "$(BUILT_PRODUCTS_DIR)/qwen3asr.app/$(BUNDLE_EXECUTABLE_FOLDER_PATH)/qwen3asr";
			};
			name = Debug;
		};
		7B5F738A301CEAF8001425BE /* Release */ = {
			isa = XCBuildConfiguration;
			buildSettings = {
				BUNDLE_LOADER = "$(TEST_HOST)";
				CODE_SIGN_STYLE = Automatic;
				CURRENT_PROJECT_VERSION = 1;
				DEVELOPMENT_TEAM = ZT3X6444JT;
				GENERATE_INFOPLIST_FILE = YES;
				IPHONEOS_DEPLOYMENT_TARGET = 18.0;
				MARKETING_VERSION = 1.0;
				PRODUCT_BUNDLE_IDENTIFIER = project.qwen3asrTests;
				PRODUCT_NAME = "$(TARGET_NAME)";
				STRING_CATALOG_GENERATE_SYMBOLS = NO;
				SWIFT_APPROACHABLE_CONCURRENCY = YES;
				SWIFT_EMIT_LOC_STRINGS = NO;
				SWIFT_UPCOMING_FEATURE_MEMBER_IMPORT_VISIBILITY = YES;
				SWIFT_VERSION = 5.0;
				TARGETED_DEVICE_FAMILY = "1,2";
				TEST_HOST = "$(BUILT_PRODUCTS_DIR)/qwen3asr.app/$(BUNDLE_EXECUTABLE_FOLDER_PATH)/qwen3asr";
			};
			name = Release;
		};
		7B5F738C301CEAF8001425BE /* Debug */ = {
			isa = XCBuildConfiguration;
			buildSettings = {
				CODE_SIGN_STYLE = Automatic;
				CURRENT_PROJECT_VERSION = 1;
				DEVELOPMENT_TEAM = ZT3X6444JT;
				GENERATE_INFOPLIST_FILE = YES;
				MARKETING_VERSION = 1.0;
				PRODUCT_BUNDLE_IDENTIFIER = project.qwen3asrUITests;
				PRODUCT_NAME = "$(TARGET_NAME)";
				STRING_CATALOG_GENERATE_SYMBOLS = NO;
				SWIFT_APPROACHABLE_CONCURRENCY = YES;
				SWIFT_EMIT_LOC_STRINGS = NO;
				SWIFT_UPCOMING_FEATURE_MEMBER_IMPORT_VISIBILITY = YES;
				SWIFT_VERSION = 5.0;
				TARGETED_DEVICE_FAMILY = "1,2";
				TEST_TARGET_NAME = qwen3asr;
			};
			name = Debug;
		};
		7B5F738D301CEAF8001425BE /* Release */ = {
			isa = XCBuildConfiguration;
			buildSettings = {
				CODE_SIGN_STYLE = Automatic;
				CURRENT_PROJECT_VERSION = 1;
				DEVELOPMENT_TEAM = ZT3X6444JT;
				GENERATE_INFOPLIST_FILE = YES;
				MARKETING_VERSION = 1.0;
				PRODUCT_BUNDLE_IDENTIFIER = project.qwen3asrUITests;
				PRODUCT_NAME = "$(TARGET_NAME)";
				STRING_CATALOG_GENERATE_SYMBOLS = NO;
				SWIFT_APPROACHABLE_CONCURRENCY = YES;
				SWIFT_EMIT_LOC_STRINGS = NO;
				SWIFT_UPCOMING_FEATURE_MEMBER_IMPORT_VISIBILITY = YES;
				SWIFT_VERSION = 5.0;
				TARGETED_DEVICE_FAMILY = "1,2";
				TEST_TARGET_NAME = qwen3asr;
			};
			name = Release;
		};
		7B5F7397301CEAF8001425BE /* Debug */ = {
			isa = XCBuildConfiguration;
			buildSettings = {
				CODE_SIGN_ENTITLEMENTS = Qwen3ASRKeyboard.entitlements;
				CODE_SIGN_STYLE = Automatic;
				CURRENT_PROJECT_VERSION = 7;
				DEVELOPMENT_TEAM = ZT3X6444JT;
				GENERATE_INFOPLIST_FILE = NO;
				INFOPLIST_FILE = "Qwen3ASRKeyboard-Info.plist";
				IPHONEOS_DEPLOYMENT_TARGET = 16.0;
				LD_RUNPATH_SEARCH_PATHS = (
					"$(inherited)",
					"@executable_path/Frameworks",
				);
				MARKETING_VERSION = 1.1;
				PRODUCT_BUNDLE_IDENTIFIER = project.qwen3asr.Qwen3ASRKeyboard;
				PRODUCT_NAME = "$(TARGET_NAME)";
				SKIP_INSTALL = YES;
				STRING_CATALOG_GENERATE_SYMBOLS = NO;
				SWIFT_APPROACHABLE_CONCURRENCY = YES;
				SWIFT_EMIT_LOC_STRINGS = NO;
				SWIFT_UPCOMING_FEATURE_MEMBER_IMPORT_VISIBILITY = YES;
				SWIFT_VERSION = 5.0;
				TARGETED_DEVICE_FAMILY = "1,2";
			};
			name = Debug;
		};
		7B5F7398301CEAF8001425BE /* Release */ = {
			isa = XCBuildConfiguration;
			buildSettings = {
				CODE_SIGN_ENTITLEMENTS = Qwen3ASRKeyboard.entitlements;
				CODE_SIGN_STYLE = Automatic;
				CURRENT_PROJECT_VERSION = 7;
				DEVELOPMENT_TEAM = ZT3X6444JT;
				GENERATE_INFOPLIST_FILE = NO;
				INFOPLIST_FILE = "Qwen3ASRKeyboard-Info.plist";
				IPHONEOS_DEPLOYMENT_TARGET = 16.0;
				LD_RUNPATH_SEARCH_PATHS = (
					"$(inherited)",
					"@executable_path/Frameworks",
				);
				MARKETING_VERSION = 1.1;
				PRODUCT_BUNDLE_IDENTIFIER = project.qwen3asr.Qwen3ASRKeyboard;
				PRODUCT_NAME = "$(TARGET_NAME)";
				SKIP_INSTALL = YES;
				STRING_CATALOG_GENERATE_SYMBOLS = NO;
				SWIFT_APPROACHABLE_CONCURRENCY = YES;
				SWIFT_EMIT_LOC_STRINGS = NO;
				SWIFT_UPCOMING_FEATURE_MEMBER_IMPORT_VISIBILITY = YES;
				SWIFT_VERSION = 5.0;
				TARGETED_DEVICE_FAMILY = "1,2";
			};
			name = Release;
		};
		A1000007301D0000001425BE /* Debug */ = {
			isa = XCBuildConfiguration;
			buildSettings = {
				CODE_SIGN_STYLE = Automatic;
				CURRENT_PROJECT_VERSION = 1;
				DEVELOPMENT_TEAM = ZT3X6444JT;
				ENABLE_PREVIEWS = YES;
				GENERATE_INFOPLIST_FILE = YES;
				INFOPLIST_KEY_CFBundleDisplayName = "Qwen3ASR Lab";
				INFOPLIST_KEY_NSMicrophoneUsageDescription = "用于录制语音并在设备本地通过 Qwen3-ASR 完成转写。";
				INFOPLIST_KEY_UIApplicationSceneManifest_Generation = YES;
				INFOPLIST_KEY_UIApplicationSupportsIndirectInputEvents = YES;
				INFOPLIST_KEY_UILaunchScreen_Generation = YES;
				INFOPLIST_KEY_UISupportedInterfaceOrientations_iPad = "UIInterfaceOrientationPortrait UIInterfaceOrientationPortraitUpsideDown UIInterfaceOrientationLandscapeLeft UIInterfaceOrientationLandscapeRight";
				INFOPLIST_KEY_UISupportedInterfaceOrientations_iPhone = "UIInterfaceOrientationPortrait UIInterfaceOrientationLandscapeLeft UIInterfaceOrientationLandscapeRight";
				IPHONEOS_DEPLOYMENT_TARGET = 18.0;
				LD_RUNPATH_SEARCH_PATHS = (
					"$(inherited)",
					"@executable_path/Frameworks",
				);
				MARKETING_VERSION = 1.0;
				PRODUCT_BUNDLE_IDENTIFIER = project.qwen3asr.lab;
				PRODUCT_NAME = "$(TARGET_NAME)";
				STRING_CATALOG_GENERATE_SYMBOLS = YES;
				SUPPORTS_MACCATALYST = NO;
				SWIFT_APPROACHABLE_CONCURRENCY = YES;
				SWIFT_EMIT_LOC_STRINGS = YES;
				SWIFT_UPCOMING_FEATURE_MEMBER_IMPORT_VISIBILITY = YES;
				SWIFT_VERSION = 5.0;
				TARGETED_DEVICE_FAMILY = "1,2";
			};
			name = Debug;
		};
		A1000008301D0000001425BE /* Release */ = {
			isa = XCBuildConfiguration;
			buildSettings = {
				CODE_SIGN_STYLE = Automatic;
				CURRENT_PROJECT_VERSION = 1;
				DEVELOPMENT_TEAM = ZT3X6444JT;
				ENABLE_PREVIEWS = YES;
				GENERATE_INFOPLIST_FILE = YES;
				INFOPLIST_KEY_CFBundleDisplayName = "Qwen3ASR Lab";
				INFOPLIST_KEY_NSMicrophoneUsageDescription = "用于录制语音并在设备本地通过 Qwen3-ASR 完成转写。";
				INFOPLIST_KEY_UIApplicationSceneManifest_Generation = YES;
				INFOPLIST_KEY_UIApplicationSupportsIndirectInputEvents = YES;
				INFOPLIST_KEY_UILaunchScreen_Generation = YES;
				INFOPLIST_KEY_UISupportedInterfaceOrientations_iPad = "UIInterfaceOrientationPortrait UIInterfaceOrientationPortraitUpsideDown UIInterfaceOrientationLandscapeLeft UIInterfaceOrientationLandscapeRight";
				INFOPLIST_KEY_UISupportedInterfaceOrientations_iPhone = "UIInterfaceOrientationPortrait UIInterfaceOrientationLandscapeLeft UIInterfaceOrientationLandscapeRight";
				IPHONEOS_DEPLOYMENT_TARGET = 18.0;
				LD_RUNPATH_SEARCH_PATHS = (
					"$(inherited)",
					"@executable_path/Frameworks",
				);
				MARKETING_VERSION = 1.0;
				PRODUCT_BUNDLE_IDENTIFIER = project.qwen3asr.lab;
				PRODUCT_NAME = "$(TARGET_NAME)";
				STRING_CATALOG_GENERATE_SYMBOLS = YES;
				SUPPORTS_MACCATALYST = NO;
				SWIFT_APPROACHABLE_CONCURRENCY = YES;
				SWIFT_EMIT_LOC_STRINGS = YES;
				SWIFT_UPCOMING_FEATURE_MEMBER_IMPORT_VISIBILITY = YES;
				SWIFT_VERSION = 5.0;
				TARGETED_DEVICE_FAMILY = "1,2";
			};
			name = Release;
		};
/* End XCBuildConfiguration section */

/* Begin XCConfigurationList section */
		7B5F735F301CEAF7001425BE /* Build configuration list for PBXProject "qwen3asr" */ = {
			isa = XCConfigurationList;
			buildConfigurations = (
				7B5F7383301CEAF8001425BE /* Debug */,
				7B5F7384301CEAF8001425BE /* Release */,
			);
			defaultConfigurationIsVisible = 0;
			defaultConfigurationName = Release;
		};
		7B5F7385301CEAF8001425BE /* Build configuration list for PBXNativeTarget "qwen3asr" */ = {
			isa = XCConfigurationList;
			buildConfigurations = (
				7B5F7386301CEAF8001425BE /* Debug */,
				7B5F7387301CEAF8001425BE /* Release */,
			);
			defaultConfigurationIsVisible = 0;
			defaultConfigurationName = Release;
		};
		7B5F7388301CEAF8001425BE /* Build configuration list for PBXNativeTarget "qwen3asrTests" */ = {
			isa = XCConfigurationList;
			buildConfigurations = (
				7B5F7389301CEAF8001425BE /* Debug */,
				7B5F738A301CEAF8001425BE /* Release */,
			);
			defaultConfigurationIsVisible = 0;
			defaultConfigurationName = Release;
		};
		7B5F738B301CEAF8001425BE /* Build configuration list for PBXNativeTarget "qwen3asrUITests" */ = {
			isa = XCConfigurationList;
			buildConfigurations = (
				7B5F738C301CEAF8001425BE /* Debug */,
				7B5F738D301CEAF8001425BE /* Release */,
			);
			defaultConfigurationIsVisible = 0;
			defaultConfigurationName = Release;
		};
		7B5F7396301CEAF8001425BE /* Build configuration list for PBXNativeTarget "Qwen3ASRKeyboard" */ = {
			isa = XCConfigurationList;
			buildConfigurations = (
				7B5F7397301CEAF8001425BE /* Debug */,
				7B5F7398301CEAF8001425BE /* Release */,
			);
			defaultConfigurationIsVisible = 0;
			defaultConfigurationName = Release;
		};
		A1000009301D0000001425BE /* Build configuration list for PBXNativeTarget "Qwen3ASRLab" */ = {
			isa = XCConfigurationList;
			buildConfigurations = (
				A1000007301D0000001425BE /* Debug */,
				A1000008301D0000001425BE /* Release */,
			);
			defaultConfigurationIsVisible = 0;
			defaultConfigurationName = Release;
		};
/* End XCConfigurationList section */

/* Begin XCRemoteSwiftPackageReference section */
		A1000010301D0000001425BE /* XCRemoteSwiftPackageReference "speech-swift" */ = {
			isa = XCRemoteSwiftPackageReference;
			repositoryURL = "https://github.com/soniqo/speech-swift.git";
			requirement = {
				kind = revision;
				revision = 37c99dd856cfacfe952b2e48ecdb3c9dedc77625;
			};
		};
		A1000011301D0000001425BE /* XCRemoteSwiftPackageReference "mlx-swift" */ = {
			isa = XCRemoteSwiftPackageReference;
			repositoryURL = "https://github.com/ml-explore/mlx-swift.git";
			requirement = {
				kind = upToNextMajorVersion;
				minimumVersion = 0.30.0;
			};
		};
/* End XCRemoteSwiftPackageReference section */

/* Begin XCSwiftPackageProductDependency section */
		A1000012301D0000001425BE /* Qwen3ASR */ = {
			isa = XCSwiftPackageProductDependency;
			package = A1000010301D0000001425BE /* XCRemoteSwiftPackageReference "speech-swift" */;
			productName = Qwen3ASR;
		};
		A1000013301D0000001425BE /* AudioCommon */ = {
			isa = XCSwiftPackageProductDependency;
			package = A1000010301D0000001425BE /* XCRemoteSwiftPackageReference "speech-swift" */;
			productName = AudioCommon;
		};
		A1000014301D0000001425BE /* MLX */ = {
			isa = XCSwiftPackageProductDependency;
			package = A1000011301D0000001425BE /* XCRemoteSwiftPackageReference "mlx-swift" */;
			productName = MLX;
		};
		B2000008301D0000001425BE /* Qwen3ASR */ = {
			isa = XCSwiftPackageProductDependency;
			package = A1000010301D0000001425BE /* XCRemoteSwiftPackageReference "speech-swift" */;
			productName = Qwen3ASR;
		};
		B2000009301D0000001425BE /* AudioCommon */ = {
			isa = XCSwiftPackageProductDependency;
			package = A1000010301D0000001425BE /* XCRemoteSwiftPackageReference "speech-swift" */;
			productName = AudioCommon;
		};
		B200000A301D0000001425BE /* MLX */ = {
			isa = XCSwiftPackageProductDependency;
			package = A1000011301D0000001425BE /* XCRemoteSwiftPackageReference "mlx-swift" */;
			productName = MLX;
		};
/* End XCSwiftPackageProductDependency section */
	};
	rootObject = 7B5F735C301CEAF7001425BE /* Project object */;
}
